
Microsoft Visual Studio Solution File, Format Version 12.00
# Visual Studio 15
VisualStudioVersion = 15.0.26124.0
MinimumVisualStudioVersion = 15.0.26124.0
Project("{9A19103F-16F7-4668-BE54-9A1E7A4F7556}") = "partialfood-api", "partialfood-api\partialfood-api.csproj", "{9C2C6627-E07D-4763-B633-BA96DB710C34}"
EndProject
Project("{9A19103F-16F7-4668-BE54-9A1E7A4F7556}") = "partialfood-inventory", "partialfood-inventory\partialfood-inventory.csproj", "{EE3A7ADD-E50A-414A-913E-52FE3098602C}"
EndProject
Project("{9A19103F-16F7-4668-BE54-9A1E7A4F7556}") = "partialfood-ordercommand", "partialfood-ordercommand\partialfood-ordercommand.csproj", "{48F7A076-B5D0-4BBC-B509-A0ABE9F6F483}"
EndProject
Project("{9A19103F-16F7-4668-BE54-9A1E7A4F7556}") = "partialfood-ordermanagement", "partialfood-ordermanagement\partialfood-ordermanagement.csproj", "{04B33520-75A5-4997-B7B5-0DBE9373CB0D}"
EndProject
Global
	GlobalSection(SolutionConfigurationPlatforms) = preSolution
		Debug|Any CPU = Debug|Any CPU
		Debug|x64 = Debug|x64
		Debug|x86 = Debug|x86
		Release|Any CPU = Release|Any CPU
		Release|x64 = Release|x64
		Release|x86 = Release|x86
	EndGlobalSection
	GlobalSection(ProjectConfigurationPlatforms) = postSolution
		{9C2C6627-E07D-4763-B633-BA96DB710C34}.Debug|Any CPU.ActiveCfg = Debug|Any CPU
		{9C2C6627-E07D-4763-B633-BA96DB710C34}.Debug|Any CPU.Build.0 = Debug|Any CPU
		{9C2C6627-E07D-4763-B633-BA96DB710C34}.Debug|x64.ActiveCfg = Debug|Any CPU
		{9C2C6627-E07D-4763-B633-BA96DB710C34}.Debug|x64.Build.0 = Debug|Any CPU
		{9C2C6627-E07D-4763-B633-BA96DB710C34}.Debug|x86.ActiveCfg = Debug|Any CPU
		{9C2C6627-E07D-4763-B633-BA96DB710C34}.Debug|x86.Build.0 = Debug|Any CPU
		{9C2C6627-E07D-4763-B633-BA96DB710C34}.Release|Any CPU.ActiveCfg = Release|Any CPU
		{9C2C6627-E07D-4763-B633-BA96DB710C34}.Release|Any CPU.Build.0 = Release|Any CPU
		{9C2C6627-E07D-4763-B633-BA96DB710C34}.Release|x64.ActiveCfg = Release|Any CPU
		{9C2C6627-E07D-4763-B633-BA96DB710C34}.Release|x64.Build.0 = Release|Any CPU
		{9C2C6627-E07D-4763-B633-BA96DB710C34}.Release|x86.ActiveCfg = Release|Any CPU
		{9C2C6627-E07D-4763-B633-BA96DB710C34}.Release|x86.Build.0 = Release|Any CPU
		{EE3A7ADD-E50A-414A-913E-52FE3098602C}.Debug|Any CPU.ActiveCfg = Debug|Any CPU
		{EE3A7ADD-E50A-414A-913E-52FE3098602C}.Debug|Any CPU.Build.0 = Debug|Any CPU
		{EE3A7ADD-E50A-414A-913E-52FE3098602C}.Debug|x64.ActiveCfg = Debug|Any CPU
		{EE3A7ADD-E50A-414A-913E-52FE3098602C}.Debug|x64.Build.0 = Debug|Any CPU
		{EE3A7ADD-E50A-414A-913E-52FE3098602C}.Debug|x86.ActiveCfg = Debug|Any CPU
		{EE3A7ADD-E50A-414A-913E-52FE3098602C}.Debug|x86.Build.0 = Debug|Any CPU
		{EE3A7ADD-E50A-414A-913E-52FE3098602C}.Release|Any CPU.ActiveCfg = Release|Any CPU
		{EE3A7ADD-E50A-414A-913E-52FE3098602C}.Release|Any CPU.Build.0 = Release|Any CPU
		{EE3A7ADD-E50A-414A-913E-52FE3098602C}.Release|x64.ActiveCfg = Release|Any CPU
		{EE3A7ADD-E50A-414A-913E-52FE3098602C}.Release|x64.Build.0 = Release|Any CPU
		{EE3A7ADD-E50A-414A-913E-52FE3098602C}.Release|x86.ActiveCfg = Release|Any CPU
		{EE3A7ADD-E50A-414A-913E-52FE3098602C}.Release|x86.Build.0 = Release|Any CPU
		{48F7A076-B5D0-4BBC-B509-A0ABE9F6F483}.Debug|Any CPU.ActiveCfg = Debug|Any CPU
		{48F7A076-B5D0-4BBC-B509-A0ABE9F6F483}.Debug|Any CPU.Build.0 = Debug|Any CPU
		{48F7A076-B5D0-4BBC-B509-A0ABE9F6F483}.Debug|x64.ActiveCfg = Debug|Any CPU
		{48F7A076-B5D0-4BBC-B509-A0ABE9F6F483}.Debug|x64.Build.0 = Debug|Any CPU
		{48F7A076-B5D0-4BBC-B509-A0ABE9F6F483}.Debug|x86.ActiveCfg = Debug|Any CPU
		{48F7A076-B5D0-4BBC-B509-A0ABE9F6F483}.Debug|x86.Build.0 = Debug|Any CPU
		{48F7A076-B5D0-4BBC-B509-A0ABE9F6F483}.Release|Any CPU.ActiveCfg = Release|Any CPU
		{48F7A076-B5D0-4BBC-B509-A0ABE9F6F483}.Release|Any CPU.Build.0 = Release|Any CPU
		{48F7A076-B5D0-4BBC-B509-A0ABE9F6F483}.Release|x64.ActiveCfg = Release|Any CPU
		{48F7A076-B5D0-4BBC-B509-A0ABE9F6F483}.Release|x64.Build.0 = Release|Any CPU
		{48F7A076-B5D0-4BBC-B509-A0ABE9F6F483}.Release|x86.ActiveCfg = Release|Any CPU
		{48F7A076-B5D0-4BBC-B509-A0ABE9F6F483}.Release|x86.Build.0 = Release|Any CPU
		{04B33520-75A5-4997-B7B5-0DBE9373CB0D}.Debug|Any CPU.ActiveCfg = Debug|Any CPU
		{04B33520-75A5-4997-B7B5-0DBE9373CB0D}.Debug|Any CPU.Build.0 = Debug|Any CPU
		{04B33520-75A5-4997-B7B5-0DBE9373CB0D}.Debug|x64.ActiveCfg = Debug|Any CPU
		{04B33520-75A5-4997-B7B5-0DBE9373CB0D}.Debug|x64.Build.0 = Debug|Any CPU
		{04B33520-75A5-4997-B7B5-0DBE9373CB0D}.Debug|x86.ActiveCfg = Debug|Any CPU
		{04B33520-75A5-4997-B7B5-0DBE9373CB0D}.Debug|x86.Build.0 = Debug|Any CPU
		{04B33520-75A5-4997-B7B5-0DBE9373CB0D}.Release|Any CPU.ActiveCfg = Release|Any CPU
		{04B33520-75A5-4997-B7B5-0DBE9373CB0D}.Release|Any CPU.Build.0 = Release|Any CPU
		{04B33520-75A5-4997-B7B5-0DBE9373CB0D}.Release|x64.ActiveCfg = Release|Any CPU
		{04B33520-75A5-4997-B7B5-0DBE9373CB0D}.Release|x64.Build.0 = Release|Any CPU
		{04B33520-75A5-4997-B7B5-0DBE9373CB0D}.Release|x86.ActiveCfg = Release|Any CPU
		{04B33520-75A5-4997-B7B5-0DBE9373CB0D}.Release|x86.Build.0 = Release|Any CPU
	EndGlobalSection
	GlobalSection(SolutionProperties) = preSolution
		HideSolutionNode = FALSE
	EndGlobalSection
	GlobalSection(ExtensibilityGlobals) = postSolution
		SolutionGuid = {9B32045D-674A-45C4-9484-C9AED612F863}
	EndGlobalSection
EndGlobal
